{
  "name": "backend",
  "version": "1.0.0",
  "lockfileVersion": 1,
  "requires": true,
  "dependencies": {
    "express": {
      "version": "4.17.1",
      "resolved": "https://registry.npmjs.org/express/-/express-4.17.1.tgz",
      "integrity": "sha512-abc123",
      "requires": {}
    },
    "mongoose": {
      "version": "5.13.8",
      "resolved": "https://registry.npmjs.org/mongoose/-/mongoose-5.13.8.tgz",
      "integrity": "sha512-def456",
      "requires": {}
    }
  }
}